
Microsoft Visual Studio Solution File, Format Version 12.00
# Visual Studio Version 17
VisualStudioVersion = 17.6.33723.286
MinimumVisualStudioVersion = 10.0.40219.1
Project("{FAE04EC0-301F-11D3-BF4B-00C04F79EFBC}") = "MVC_CRUD", "MVC_CRUD\MVC_CRUD.csproj", "{F8116724-8C61-4514-9E15-2A1B1227C766}"
EndProject
Global
	GlobalSection(SolutionConfigurationPlatforms) = preSolution
		Debug|Any CPU = Debug|Any CPU
		Release|Any CPU = Release|Any CPU
	EndGlobalSection
	GlobalSection(ProjectConfigurationPlatforms) = postSolution
		{F8116724-8C61-4514-9E15-2A1B1227C766}.Debug|Any CPU.ActiveCfg = Debug|Any CPU
		{F8116724-8C61-4514-9E15-2A1B1227C766}.Debug|Any CPU.Build.0 = Debug|Any CPU
		{F8116724-8C61-4514-9E15-2A1B1227C766}.Release|Any CPU.ActiveCfg = Release|Any CPU
		{F8116724-8C61-4514-9E15-2A1B1227C766}.Release|Any CPU.Build.0 = Release|Any CPU
	EndGlobalSection
	GlobalSection(SolutionProperties) = preSolution
		HideSolutionNode = FALSE
	EndGlobalSection
	GlobalSection(ExtensibilityGlobals) = postSolution
		SolutionGuid = {E6C51A2D-721C-4891-B2B2-0ABB34D83716}
	EndGlobalSection
EndGlobal
